// !$*UTF8*$!
{
	archiveVersion = 1;
	classes = {
	};
	objectVersion = 77;
	objects = {

/* Begin PBXBuildFile section */
		A94FDD602DA07B6200080774 /* InfraLayerSDK in Frameworks */ = {isa = PBXBuildFile; productRef = A94FDD5F2DA07B6200080774 /* InfraLayerSDK */; };
/* End PBXBuildFile section */

/* Begin PBXContainerItemProxy section */
		A94FDCA72DA07AED00080774 /* PBXContainerItemProxy */ = {
			isa = PBXContainerItemProxy;
			containerPortal = A94FDC852DA07AEA00080774 /* Project object */;
			proxyType = 1;
			remoteGlobalIDString = A94FDC8C2DA07AEA00080774;
			remoteInfo = RealEstateApp;
		};
		A94FDCB12DA07AED00080774 /* PBXContainerItemProxy */ = {
			isa = PBXContainerItemProxy;
			containerPortal = A94FDC852DA07AEA00080774 /* Project object */;
			proxyType = 1;
			remoteGlobalIDString = A94FDC8C2DA07AEA00080774;
			remoteInfo = RealEstateApp;
		};
/* End PBXContainerItemProxy section */

/* Begin PBXFileReference section */
		A94FDC8D2DA07AEA00080774 /* RealEstateApp.app */ = {isa = PBXFileReference; explicitFileType = wrapper.application; includeInIndex = 0; path = RealEstateApp.app; sourceTree = BUILT_PRODUCTS_DIR; };
		A94FDCA62DA07AED00080774 /* RealEstateAppTests.xctest */ = {isa = PBXFileReference; explicitFileType = wrapper.cfbundle; includeInIndex = 0; path = RealEstateAppTests.xctest; sourceTree = BUILT_PRODUCTS_DIR; };
		A94FDCB02DA07AED00080774 /* RealEstateAppUITests.xctest */ = {isa = PBXFileReference; explicitFileType = wrapper.cfbundle; includeInIndex = 0; path = RealEstateAppUITests.xctest; sourceTree = BUILT_PRODUCTS_DIR; };
/* End PBXFileReference section */

/* Begin PBXFileSystemSynchronizedBuildFileExceptionSet section */
		A94FDCB82DA07AED00080774 /* Exceptions for "RealEstateApp" folder in "RealEstateApp" target */ = {
			isa = PBXFileSystemSynchronizedBuildFileExceptionSet;
			membershipExceptions = (
				Info.plist,
			);
			target = A94FDC8C2DA07AEA00080774 /* RealEstateApp */;
		};
/* End PBXFileSystemSynchronizedBuildFileExceptionSet section */

/* Begin PBXFileSystemSynchronizedRootGroup section */
		A94FDC8F2DA07AEA00080774 /* RealEstateApp */ = {
			isa = PBXFileSystemSynchronizedRootGroup;
			exceptions = (
				A94FDCB82DA07AED00080774 /* Exceptions for "RealEstateApp" folder in "RealEstateApp" target */,
			);
			path = RealEstateApp;
			sourceTree = "<group>";
		};
		A94FDCA92DA07AED00080774 /* RealEstateAppTests */ = {
			isa = PBXFileSystemSynchronizedRootGroup;
			path = RealEstateAppTests;
			sourceTree = "<group>";
		};
		A94FDCB32DA07AED00080774 /* RealEstateAppUITests */ = {
			isa = PBXFileSystemSynchronizedRootGroup;
			path = RealEstateAppUITests;
			sourceTree = "<group>";
		};
/* End PBXFileSystemSynchronizedRootGroup section */

/* Begin PBXFrameworksBuildPhase section */
		A94FDC8A2DA07AEA00080774 /* Frameworks */ = {
			isa = PBXFrameworksBuildPhase;
			buildActionMask = 2147483647;
			files = (
				A94FDD602DA07B6200080774 /* InfraLayerSDK in Frameworks */,
			);
			runOnlyForDeploymentPostprocessing = 0;
		};
		A94FDCA32DA07AED00080774 /* Frameworks */ = {
			isa = PBXFrameworksBuildPhase;
			buildActionMask = 2147483647;
			files = (
			);
			runOnlyForDeploymentPostprocessing = 0;
		};
		A94FDCAD2DA07AED00080774 /* Frameworks */ = {
			isa = PBXFrameworksBuildPhase;
			buildActionMask = 2147483647;
			files = (
			);
			runOnlyForDeploymentPostprocessing = 0;
		};
/* End PBXFrameworksBuildPhase section */

/* Begin PBXGroup section */
		A94FDC842DA07AEA00080774 = {
			isa = PBXGroup;
			children = (
				A94FDC8F2DA07AEA00080774 /* RealEstateApp */,
				A94FDCA92DA07AED00080774 /* RealEstateAppTests */,
				A94FDCB32DA07AED00080774 /* RealEstateAppUITests */,
				A94FDC8E2DA07AEA00080774 /* Products */,
			);
			sourceTree = "<group>";
		};
		A94FDC8E2DA07AEA00080774 /* Products */ = {
			isa = PBXGroup;
			children = (
				A94FDC8D2DA07AEA00080774 /* RealEstateApp.app */,
				A94FDCA62DA07AED00080774 /* RealEstateAppTests.xctest */,
				A94FDCB02DA07AED00080774 /* RealEstateAppUITests.xctest */,
			);
			name = Products;
			sourceTree = "<group>";
		};
/* End PBXGroup section */

/* Begin PBXNativeTarget section */
		A94FDC8C2DA07AEA00080774 /* RealEstateApp */ = {
			isa = PBXNativeTarget;
			buildConfigurationList = A94FDCB92DA07AED00080774 /* Build configuration list for PBXNativeTarget "RealEstateApp" */;
			buildPhases = (
				A94FDC892DA07AEA00080774 /* Sources */,
				A94FDC8A2DA07AEA00080774 /* Frameworks */,
				A94FDC8B2DA07AEA00080774 /* Resources */,
			);
			buildRules = (
			);
			dependencies = (
			);
			fileSystemSynchronizedGroups = (
				A94FDC8F2DA07AEA00080774 /* RealEstateApp */,
			);
			name = RealEstateApp;
			packageProductDependencies = (
				A94FDD5F2DA07B6200080774 /* InfraLayerSDK */,
			);
			productName = RealEstateApp;
			productReference = A94FDC8D2DA07AEA00080774 /* RealEstateApp.app */;
			productType = "com.apple.product-type.application";
		};
		A94FDCA52DA07AED00080774 /* RealEstateAppTests */ = {
			isa = PBXNativeTarget;
			buildConfigurationList = A94FDCBE2DA07AED00080774 /* Build configuration list for PBXNativeTarget "RealEstateAppTests" */;
			buildPhases = (
				A94FDCA22DA07AED00080774 /* Sources */,
				A94FDCA32DA07AED00080774 /* Frameworks */,
				A94FDCA42DA07AED00080774 /* Resources */,
			);
			buildRules = (
			);
			dependencies = (
				A94FDCA82DA07AED00080774 /* PBXTargetDependency */,
			);
			fileSystemSynchronizedGroups = (
				A94FDCA92DA07AED00080774 /* RealEstateAppTests */,
			);
			name = RealEstateAppTests;
			packageProductDependencies = (
			);
			productName = RealEstateAppTests;
			productReference = A94FDCA62DA07AED00080774 /* RealEstateAppTests.xctest */;
			productType = "com.apple.product-type.bundle.unit-test";
		};
		A94FDCAF2DA07AED00080774 /* RealEstateAppUITests */ = {
			isa = PBXNativeTarget;
			buildConfigurationList = A94FDCC12DA07AED00080774 /* Build configuration list for PBXNativeTarget "RealEstateAppUITests" */;
			buildPhases = (
				A94FDCAC2DA07AED00080774 /* Sources */,
				A94FDCAD2DA07AED00080774 /* Frameworks */,
				A94FDCAE2DA07AED00080774 /* Resources */,
			);
			buildRules = (
			);
			dependencies = (
				A94FDCB22DA07AED00080774 /* PBXTargetDependency */,
			);
			fileSystemSynchronizedGroups = (
				A94FDCB32DA07AED00080774 /* RealEstateAppUITests */,
			);
			name = RealEstateAppUITests;
			packageProductDependencies = (
			);
			productName = RealEstateAppUITests;
			productReference = A94FDCB02DA07AED00080774 /* RealEstateAppUITests.xctest */;
			productType = "com.apple.product-type.bundle.ui-testing";
		};
/* End PBXNativeTarget section */

/* Begin PBXProject section */
		A94FDC852DA07AEA00080774 /* Project object */ = {
			isa = PBXProject;
			attributes = {
				BuildIndependentTargetsInParallel = 1;
				LastSwiftUpdateCheck = 1620;
				LastUpgradeCheck = 1620;
				TargetAttributes = {
					A94FDC8C2DA07AEA00080774 = {
						CreatedOnToolsVersion = 16.2;
					};
					A94FDCA52DA07AED00080774 = {
						CreatedOnToolsVersion = 16.2;
						TestTargetID = A94FDC8C2DA07AEA00080774;
					};
					A94FDCAF2DA07AED00080774 = {
						CreatedOnToolsVersion = 16.2;
						TestTargetID = A94FDC8C2DA07AEA00080774;
					};
				};
			};
			buildConfigurationList = A94FDC882DA07AEA00080774 /* Build configuration list for PBXProject "RealEstateApp" */;
			developmentRegion = en;
			hasScannedForEncodings = 0;
			knownRegions = (
				en,
				Base,
				es,
			);
			mainGroup = A94FDC842DA07AEA00080774;
			minimizedProjectReferenceProxies = 1;
			packageReferences = (
				A94FDD5E2DA07B6200080774 /* XCRemoteSwiftPackageReference "InfraLayerSDK" */,
			);
			preferredProjectObjectVersion = 77;
			productRefGroup = A94FDC8E2DA07AEA00080774 /* Products */;
			projectDirPath = "";
			projectRoot = "";
			targets = (
				A94FDC8C2DA07AEA00080774 /* RealEstateApp */,
				A94FDCA52DA07AED00080774 /* RealEstateAppTests */,
				A94FDCAF2DA07AED00080774 /* RealEstateAppUITests */,
			);
		};
/* End PBXProject section */

/* Begin PBXResourcesBuildPhase section */
		A94FDC8B2DA07AEA00080774 /* Resources */ = {
			isa = PBXResourcesBuildPhase;
			buildActionMask = 2147483647;
			files = (
			);
			runOnlyForDeploymentPostprocessing = 0;
		};
		A94FDCA42DA07AED00080774 /* Resources */ = {
			isa = PBXResourcesBuildPhase;
			buildActionMask = 2147483647;
			files = (
			);
			runOnlyForDeploymentPostprocessing = 0;
		};
		A94FDCAE2DA07AED00080774 /* Resources */ = {
			isa = PBXResourcesBuildPhase;
			buildActionMask = 2147483647;
			files = (
			);
			runOnlyForDeploymentPostprocessing = 0;
		};
/* End PBXResourcesBuildPhase section */

/* Begin PBXSourcesBuildPhase section */
		A94FDC892DA07AEA00080774 /* Sources */ = {
			isa = PBXSourcesBuildPhase;
			buildActionMask = 2147483647;
			files = (
			);
			runOnlyForDeploymentPostprocessing = 0;
		};
		A94FDCA22DA07AED00080774 /* Sources */ = {
			isa = PBXSourcesBuildPhase;
			buildActionMask = 2147483647;
			files = (
			);
			runOnlyForDeploymentPostprocessing = 0;
		};
		A94FDCAC2DA07AED00080774 /* Sources */ = {
			isa = PBXSourcesBuildPhase;
			buildActionMask = 2147483647;
			files = (
			);
			runOnlyForDeploymentPostprocessing = 0;
		};
/* End PBXSourcesBuildPhase section */

/* Begin PBXTargetDependency section */
		A94FDCA82DA07AED00080774 /* PBXTargetDependency */ = {
			isa = PBXTargetDependency;
			target = A94FDC8C2DA07AEA00080774 /* RealEstateApp */;
			targetProxy = A94FDCA72DA07AED00080774 /* PBXContainerItemProxy */;
		};
		A94FDCB22DA07AED00080774 /* PBXTargetDependency */ = {
			isa = PBXTargetDependency;
			target = A94FDC8C2DA07AEA00080774 /* RealEstateApp */;
			targetProxy = A94FDCB12DA07AED00080774 /* PBXContainerItemProxy */;
		};
/* End PBXTargetDependency section */

/* Begin XCBuildConfiguration section */
		A94FDCBA2DA07AED00080774 /* Debug */ = {
			isa = XCBuildConfiguration;
			buildSettings = {
				ASSETCATALOG_COMPILER_APPICON_NAME = AppIcon;
				ASSETCATALOG_COMPILER_GLOBAL_ACCENT_COLOR_NAME = AccentColor;
				CODE_SIGN_STYLE = Automatic;
				CURRENT_PROJECT_VERSION = 1;
				DEVELOPMENT_TEAM = L5E8N5HL7J;
				GENERATE_INFOPLIST_FILE = YES;
				INFOPLIST_FILE = RealEstateApp/Info.plist;
				INFOPLIST_KEY_UIApplicationSupportsIndirectInputEvents = YES;
				INFOPLIST_KEY_UILaunchStoryboardName = LaunchScreen;
				INFOPLIST_KEY_UIMainStoryboardFile = "";
				INFOPLIST_KEY_UISupportedInterfaceOrientations_iPad = "UIInterfaceOrientationPortrait UIInterfaceOrientationPortraitUpsideDown UIInterfaceOrientationLandscapeLeft UIInterfaceOrientationLandscapeRight";
				INFOPLIST_KEY_UISupportedInterfaceOrientations_iPhone = "UIInterfaceOrientationPortrait UIInterfaceOrientationLandscapeLeft UIInterfaceOrientationLandscapeRight";
				IPHONEOS_DEPLOYMENT_TARGET = 16.0;
				LD_RUNPATH_SEARCH_PATHS = (
					"$(inherited)",
					"@executable_path/Frameworks",
				);
				MARKETING_VERSION = 1.0;
				PRODUCT_BUNDLE_IDENTIFIER = com.personal.RealEstateApp;
				PRODUCT_NAME = "$(TARGET_NAME)";
				SWIFT_EMIT_LOC_STRINGS = YES;
				SWIFT_VERSION = 5.0;
				TARGETED_DEVICE_FAMILY = "1,2";
			};
			name = Debug;
		};
		A94FDCBB2DA07AED00080774 /* Release */ = {
			isa = XCBuildConfiguration;
			buildSettings = {
				ASSETCATALOG_COMPILER_APPICON_NAME = AppIcon;
				ASSETCATALOG_COMPILER_GLOBAL_ACCENT_COLOR_NAME = AccentColor;
				CODE_SIGN_STYLE = Automatic;
				CURRENT_PROJECT_VERSION = 1;
				DEVELOPMENT_TEAM = L5E8N5HL7J;
				GENERATE_INFOPLIST_FILE = YES;
				INFOPLIST_FILE = RealEstateApp/Info.plist;
				INFOPLIST_KEY_UIApplicationSupportsIndirectInputEvents = YES;
				INFOPLIST_KEY_UILaunchStoryboardName = LaunchScreen;
				INFOPLIST_KEY_UIMainStoryboardFile = "";
				INFOPLIST_KEY_UISupportedInterfaceOrientations_iPad = "UIInterfaceOrientationPortrait UIInterfaceOrientationPortraitUpsideDown UIInterfaceOrientationLandscapeLeft UIInterfaceOrientationLandscapeRight";
				INFOPLIST_KEY_UISupportedInterfaceOrientations_iPhone = "UIInterfaceOrientationPortrait UIInterfaceOrientationLandscapeLeft UIInterfaceOrientationLandscapeRight";
				IPHONEOS_DEPLOYMENT_TARGET = 16.0;
				LD_RUNPATH_SEARCH_PATHS = (
					"$(inherited)",
					"@executable_path/Frameworks",
				);
				MARKETING_VERSION = 1.0;
				PRODUCT_BUNDLE_IDENTIFIER = com.personal.RealEstateApp;
				PRODUCT_NAME = "$(TARGET_NAME)";
				SWIFT_EMIT_LOC_STRINGS = YES;
				SWIFT_VERSION = 5.0;
				TARGETED_DEVICE_FAMILY = "1,2";
			};
			name = Release;
		};
		A94FDCBC2DA07AED00080774 /* Debug */ = {
			isa = XCBuildConfiguration;
			buildSettings = {
				ALWAYS_SEARCH_USER_PATHS = NO;
				ASSETCATALOG_COMPILER_GENERATE_SWIFT_ASSET_SYMBOL_EXTENSIONS = YES;
				CLANG_ANALYZER_NONNULL = YES;
				CLANG_ANALYZER_NUMBER_OBJECT_CONVERSION = YES_AGGRESSIVE;
				CLANG_CXX_LANGUAGE_STANDARD = "gnu++20";
				CLANG_ENABLE_MODULES = YES;
				CLANG_ENABLE_OBJC_ARC = YES;
				CLANG_ENABLE_OBJC_WEAK = YES;
				CLANG_WARN_BLOCK_CAPTURE_AUTORELEASING = YES;
				CLANG_WARN_BOOL_CONVERSION = YES;
				CLANG_WARN_COMMA = YES;
				CLANG_WARN_CONSTANT_CONVERSION = YES;
				CLANG_WARN_DEPRECATED_OBJC_IMPLEMENTATIONS = YES;
				CLANG_WARN_DIRECT_OBJC_ISA_USAGE = YES_ERROR;
				CLANG_WARN_DOCUMENTATION_COMMENTS = YES;
				CLANG_WARN_EMPTY_BODY = YES;
				CLANG_WARN_ENUM_CONVERSION = YES;
				CLANG_WARN_INFINITE_RECURSION = YES;
				CLANG_WARN_INT_CONVERSION = YES;
				CLANG_WARN_NON_LITERAL_NULL_CONVERSION = YES;
				CLANG_WARN_OBJC_IMPLICIT_RETAIN_SELF = YES;
				CLANG_WARN_OBJC_LITERAL_CONVERSION = YES;
				CLANG_WARN_OBJC_ROOT_CLASS = YES_ERROR;
				CLANG_WARN_QUOTED_INCLUDE_IN_FRAMEWORK_HEADER = YES;
				CLANG_WARN_RANGE_LOOP_ANALYSIS = YES;
				CLANG_WARN_STRICT_PROTOTYPES = YES;
				CLANG_WARN_SUSPICIOUS_MOVE = YES;
				CLANG_WARN_UNGUARDED_AVAILABILITY = YES_AGGRESSIVE;
				CLANG_WARN_UNREACHABLE_CODE = YES;
				CLANG_WARN__DUPLICATE_METHOD_MATCH = YES;
				COPY_PHASE_STRIP = NO;
				DEBUG_INFORMATION_FORMAT = dwarf;
				ENABLE_STRICT_OBJC_MSGSEND = YES;
				ENABLE_TESTABILITY = YES;
				ENABLE_USER_SCRIPT_SANDBOXING = YES;
				GCC_C_LANGUAGE_STANDARD = gnu17;
				GCC_DYNAMIC_NO_PIC = NO;
				GCC_NO_COMMON_BLOCKS = YES;
				GCC_OPTIMIZATION_LEVEL = 0;
				GCC_PREPROCESSOR_DEFINITIONS = (
					"DEBUG=1",
					"$(inherited)",
				);
				GCC_WARN_64_TO_32_BIT_CONVERSION = YES;
				GCC_WARN_ABOUT_RETURN_TYPE = YES_ERROR;
				GCC_WARN_UNDECLARED_SELECTOR = YES;
				GCC_WARN_UNINITIALIZED_AUTOS = YES_AGGRESSIVE;
				GCC_WARN_UNUSED_FUNCTION = YES;
				GCC_WARN_UNUSED_VARIABLE = YES;
				IPHONEOS_DEPLOYMENT_TARGET = 16.6;
				LOCALIZATION_PREFERS_STRING_CATALOGS = YES;
				MTL_ENABLE_DEBUG_INFO = INCLUDE_SOURCE;
				MTL_FAST_MATH = YES;
				ONLY_ACTIVE_ARCH = YES;
				SDKROOT = iphoneos;
				SWIFT_ACTIVE_COMPILATION_CONDITIONS = "DEBUG $(inherited)";
				SWIFT_EMIT_LOC_STRINGS = YES;
				SWIFT_OPTIMIZATION_LEVEL = "-Onone";
			};
			name = Debug;
		};
		A94FDCBD2DA07AED00080774 /* Release */ = {
			isa = XCBuildConfiguration;
			buildSettings = {
				ALWAYS_SEARCH_USER_PATHS = NO;
				ASSETCATALOG_COMPILER_GENERATE_SWIFT_ASSET_SYMBOL_EXTENSIONS = YES;
				CLANG_ANALYZER_NONNULL = YES;
				CLANG_ANALYZER_NUMBER_OBJECT_CONVERSION = YES_AGGRESSIVE;
				CLANG_CXX_LANGUAGE_STANDARD = "gnu++20";
				CLANG_ENABLE_MODULES = YES;
				CLANG_ENABLE_OBJC_ARC = YES;
				CLANG_ENABLE_OBJC_WEAK = YES;
				CLANG_WARN_BLOCK_CAPTURE_AUTORELEASING = YES;
				CLANG_WARN_BOOL_CONVERSION = YES;
				CLANG_WARN_COMMA = YES;
				CLANG_WARN_CONSTANT_CONVERSION = YES;
				CLANG_WARN_DEPRECATED_OBJC_IMPLEMENTATIONS = YES;
				CLANG_WARN_DIRECT_OBJC_ISA_USAGE = YES_ERROR;
				CLANG_WARN_DOCUMENTATION_COMMENTS = YES;
				CLANG_WARN_EMPTY_BODY = YES;
				CLANG_WARN_ENUM_CONVERSION = YES;
				CLANG_WARN_INFINITE_RECURSION = YES;
				CLANG_WARN_INT_CONVERSION = YES;
				CLANG_WARN_NON_LITERAL_NULL_CONVERSION = YES;
				CLANG_WARN_OBJC_IMPLICIT_RETAIN_SELF = YES;
				CLANG_WARN_OBJC_LITERAL_CONVERSION = YES;
				CLANG_WARN_OBJC_ROOT_CLASS = YES_ERROR;
				CLANG_WARN_QUOTED_INCLUDE_IN_FRAMEWORK_HEADER = YES;
				CLANG_WARN_RANGE_LOOP_ANALYSIS = YES;
				CLANG_WARN_STRICT_PROTOTYPES = YES;
				CLANG_WARN_SUSPICIOUS_MOVE = YES;
				CLANG_WARN_UNGUARDED_AVAILABILITY = YES_AGGRESSIVE;
				CLANG_WARN_UNREACHABLE_CODE = YES;
				CLANG_WARN__DUPLICATE_METHOD_MATCH = YES;
				COPY_PHASE_STRIP = NO;
				DEBUG_INFORMATION_FORMAT = "dwarf-with-dsym";
				ENABLE_NS_ASSERTIONS = NO;
				ENABLE_STRICT_OBJC_MSGSEND = YES;
				ENABLE_USER_SCRIPT_SANDBOXING = YES;
				GCC_C_LANGUAGE_STANDARD = gnu17;
				GCC_NO_COMMON_BLOCKS = YES;
				GCC_WARN_64_TO_32_BIT_CONVERSION = YES;
				GCC_WARN_ABOUT_RETURN_TYPE = YES_ERROR;
				GCC_WARN_UNDECLARED_SELECTOR = YES;
				GCC_WARN_UNINITIALIZED_AUTOS = YES_AGGRESSIVE;
				GCC_WARN_UNUSED_FUNCTION = YES;
				GCC_WARN_UNUSED_VARIABLE = YES;
				IPHONEOS_DEPLOYMENT_TARGET = 16.6;
				LOCALIZATION_PREFERS_STRING_CATALOGS = YES;
				MTL_ENABLE_DEBUG_INFO = NO;
				MTL_FAST_MATH = YES;
				SDKROOT = iphoneos;
				SWIFT_COMPILATION_MODE = wholemodule;
				SWIFT_EMIT_LOC_STRINGS = YES;
				VALIDATE_PRODUCT = YES;
			};
			name = Release;
		};
		A94FDCBF2DA07AED00080774 /* Debug */ = {
			isa = XCBuildConfiguration;
			buildSettings = {
				BUNDLE_LOADER = "$(TEST_HOST)";
				CODE_SIGN_STYLE = Automatic;
				CURRENT_PROJECT_VERSION = 1;
				DEVELOPMENT_TEAM = L5E8N5HL7J;
				GENERATE_INFOPLIST_FILE = YES;
				IPHONEOS_DEPLOYMENT_TARGET = 16.0;
				MARKETING_VERSION = 1.0;
				PRODUCT_BUNDLE_IDENTIFIER = com.personal.RealEstateAppTests;
				PRODUCT_NAME = "$(TARGET_NAME)";
				SWIFT_EMIT_LOC_STRINGS = NO;
				SWIFT_VERSION = 5.0;
				TARGETED_DEVICE_FAMILY = "1,2";
				TEST_HOST = "$(BUILT_PRODUCTS_DIR)/RealEstateApp.app/$(BUNDLE_EXECUTABLE_FOLDER_PATH)/RealEstateApp";
			};
			name = Debug;
		};
		A94FDCC02DA07AED00080774 /* Release */ = {
			isa = XCBuildConfiguration;
			buildSettings = {
				BUNDLE_LOADER = "$(TEST_HOST)";
				CODE_SIGN_STYLE = Automatic;
				CURRENT_PROJECT_VERSION = 1;
				DEVELOPMENT_TEAM = L5E8N5HL7J;
				GENERATE_INFOPLIST_FILE = YES;
				IPHONEOS_DEPLOYMENT_TARGET = 16.0;
				MARKETING_VERSION = 1.0;
				PRODUCT_BUNDLE_IDENTIFIER = com.personal.RealEstateAppTests;
				PRODUCT_NAME = "$(TARGET_NAME)";
				SWIFT_EMIT_LOC_STRINGS = NO;
				SWIFT_VERSION = 5.0;
				TARGETED_DEVICE_FAMILY = "1,2";
				TEST_HOST = "$(BUILT_PRODUCTS_DIR)/RealEstateApp.app/$(BUNDLE_EXECUTABLE_FOLDER_PATH)/RealEstateApp";
			};
			name = Release;
		};
		A94FDCC22DA07AED00080774 /* Debug */ = {
			isa = XCBuildConfiguration;
			buildSettings = {
				CODE_SIGN_STYLE = Automatic;
				CURRENT_PROJECT_VERSION = 1;
				DEVELOPMENT_TEAM = L5E8N5HL7J;
				GENERATE_INFOPLIST_FILE = YES;
				IPHONEOS_DEPLOYMENT_TARGET = 16.0;
				MARKETING_VERSION = 1.0;
				PRODUCT_BUNDLE_IDENTIFIER = com.personal.RealEstateAppUITests;
				PRODUCT_NAME = "$(TARGET_NAME)";
				SWIFT_EMIT_LOC_STRINGS = NO;
				SWIFT_VERSION = 5.0;
				TARGETED_DEVICE_FAMILY = "1,2";
				TEST_TARGET_NAME = RealEstateApp;
			};
			name = Debug;
		};
		A94FDCC32DA07AED00080774 /* Release */ = {
			isa = XCBuildConfiguration;
			buildSettings = {
				CODE_SIGN_STYLE = Automatic;
				CURRENT_PROJECT_VERSION = 1;
				DEVELOPMENT_TEAM = L5E8N5HL7J;
				GENERATE_INFOPLIST_FILE = YES;
				IPHONEOS_DEPLOYMENT_TARGET = 16.0;
				MARKETING_VERSION = 1.0;
				PRODUCT_BUNDLE_IDENTIFIER = com.personal.RealEstateAppUITests;
				PRODUCT_NAME = "$(TARGET_NAME)";
				SWIFT_EMIT_LOC_STRINGS = NO;
				SWIFT_VERSION = 5.0;
				TARGETED_DEVICE_FAMILY = "1,2";
				TEST_TARGET_NAME = RealEstateApp;
			};
			name = Release;
		};
/* End XCBuildConfiguration section */

/* Begin XCConfigurationList section */
		A94FDC882DA07AEA00080774 /* Build configuration list for PBXProject "RealEstateApp" */ = {
			isa = XCConfigurationList;
			buildConfigurations = (
				A94FDCBC2DA07AED00080774 /* Debug */,
				A94FDCBD2DA07AED00080774 /* Release */,
			);
			defaultConfigurationIsVisible = 0;
			defaultConfigurationName = Release;
		};
		A94FDCB92DA07AED00080774 /* Build configuration list for PBXNativeTarget "RealEstateApp" */ = {
			isa = XCConfigurationList;
			buildConfigurations = (
				A94FDCBA2DA07AED00080774 /* Debug */,
				A94FDCBB2DA07AED00080774 /* Release */,
			);
			defaultConfigurationIsVisible = 0;
			defaultConfigurationName = Release;
		};
		A94FDCBE2DA07AED00080774 /* Build configuration list for PBXNativeTarget "RealEstateAppTests" */ = {
			isa = XCConfigurationList;
			buildConfigurations = (
				A94FDCBF2DA07AED00080774 /* Debug */,
				A94FDCC02DA07AED00080774 /* Release */,
			);
			defaultConfigurationIsVisible = 0;
			defaultConfigurationName = Release;
		};
		A94FDCC12DA07AED00080774 /* Build configuration list for PBXNativeTarget "RealEstateAppUITests" */ = {
			isa = XCConfigurationList;
			buildConfigurations = (
				A94FDCC22DA07AED00080774 /* Debug */,
				A94FDCC32DA07AED00080774 /* Release */,
			);
			defaultConfigurationIsVisible = 0;
			defaultConfigurationName = Release;
		};
/* End XCConfigurationList section */

/* Begin XCRemoteSwiftPackageReference section */
		A94FDD5E2DA07B6200080774 /* XCRemoteSwiftPackageReference "InfraLayerSDK" */ = {
			isa = XCRemoteSwiftPackageReference;
			repositoryURL = "https://github.com/ObjectQuindos/InfraLayerSDK.git";
			requirement = {
				branch = main;
				kind = branch;
			};
		};
/* End XCRemoteSwiftPackageReference section */

/* Begin XCSwiftPackageProductDependency section */
		A94FDD5F2DA07B6200080774 /* InfraLayerSDK */ = {
			isa = XCSwiftPackageProductDependency;
			package = A94FDD5E2DA07B6200080774 /* XCRemoteSwiftPackageReference "InfraLayerSDK" */;
			productName = InfraLayerSDK;
		};
/* End XCSwiftPackageProductDependency section */
	};
	rootObject = A94FDC852DA07AEA00080774 /* Project object */;
}
